{
    "_readme": [
        "This file locks the dependencies of your project to a known state",
        "Read more about it at http://getcomposer.org/doc/01-basic-usage.md#composer-lock-the-lock-file",
        "This file is @generated automatically"
    ],
    "hash": "8958701850284a4ea60b38ba1379230d",
    "packages": [
        {
            "name": "sqrt-pro/helpers",
            "version": "dev-master",
            "source": {
                "type": "git",
                "url": "https://github.com/sqrt-pro/Helpers.git",
                "reference": "b99114ba5a71fe30c15aacffd3f5c75dfb18501f"
            },
            "dist": {
                "type": "zip",
                "url": "https://api.github.com/repos/sqrt-pro/Helpers/zipball/b99114ba5a71fe30c15aacffd3f5c75dfb18501f",
                "reference": "b99114ba5a71fe30c15aacffd3f5c75dfb18501f",
                "shasum": ""
            },
            "require": {
                "php": ">=5.3.0"
            },
            "type": "library",
            "autoload": {
                "psr-0": {
                    "SQRT": "src"
                }
            },
            "notification-url": "https://packagist.org/downloads/",
            "license": [
                "MIT"
            ],
            "description": "Helpers is part of SQRT Framework",
            "homepage": "http://fw.sqrt.pro",
            "time": "2014-12-02 05:42:55"
        },
        {
            "name": "sqrt-pro/tag",
            "version": "dev-master",
            "source": {
                "type": "git",
                "url": "https://github.com/sqrt-pro/Tag.git",
                "reference": "da69a33979e4f6d71f704cb31bc470b09073a308"
            },
            "dist": {
                "type": "zip",
                "url": "https://api.github.com/repos/sqrt-pro/Tag/zipball/da69a33979e4f6d71f704cb31bc470b09073a308",
                "reference": "da69a33979e4f6d71f704cb31bc470b09073a308",
                "shasum": ""
            },
            "require": {
                "php": ">=5.3.0"
            },
            "type": "library",
            "autoload": {
                "psr-0": {
                    "SQRT": "src"
                }
            },
            "notification-url": "https://packagist.org/downloads/",
            "license": [
                "MIT"
            ],
            "description": "SQRT.pro Tag is part of SQRT Framework",
            "homepage": "http://fw.sqrt.pro",
            "time": "2014-12-30 03:51:01"
        },
        {
            "name": "symfony/http-foundation",
            "version": "2.7.x-dev",
            "target-dir": "Symfony/Component/HttpFoundation",
            "source": {
                "type": "git",
                "url": "https://github.com/symfony/HttpFoundation.git",
                "reference": "2a6744f79b7f04c62fc819c6471d756213e6a99e"
            },
            "dist": {
                "type": "zip",
                "url": "https://api.github.com/repos/symfony/HttpFoundation/zipball/2a6744f79b7f04c62fc819c6471d756213e6a99e",
                "reference": "2a6744f79b7f04c62fc819c6471d756213e6a99e",
                "shasum": ""
            },
            "require": {
                "php": ">=5.3.9"
            },
            "require-dev": {
                "symfony/expression-language": "~2.4|~3.0.0"
            },
            "type": "library",
            "extra": {
                "branch-alias": {
                    "dev-master": "2.7-dev"
                }
            },
            "autoload": {
                "psr-0": {
                    "Symfony\\Component\\HttpFoundation\\": ""
                },
                "classmap": [
                    "Symfony/Component/HttpFoundation/Resources/stubs"
                ]
            },
            "notification-url": "https://packagist.org/downloads/",
            "license": [
                "MIT"
            ],
            "authors": [
                {
                    "name": "Symfony Community",
                    "homepage": "http://symfony.com/contributors"
                },
                {
                    "name": "Fabien Potencier",
                    "email": "fabien@symfony.com"
                }
            ],
            "description": "Symfony HttpFoundation Component",
            "homepage": "http://symfony.com",
            "time": "2015-01-13 07:22:42"
        }
    ],
    "packages-dev": [],
    "aliases": [],
    "minimum-stability": "dev",
    "stability-flags": {
        "sqrt-pro/tag": 20,
        "sqrt-pro/helpers": 20
    },
    "prefer-stable": false,
    "platform": {
        "php": ">=5.3.0"
    },
    "platform-dev": []
}
